// !$*UTF8*$!
{
	archiveVersion = 1;
	classes = {
	};
	objectVersion = 56;
	objects = {

/* Begin PBXBuildFile section */
		3D1610F12A5FE1C000F4F59E /* AlbumSampleApp.swift in Sources */ = {isa = PBXBuildFile; fileRef = 3D1610F02A5FE1C000F4F59E /* AlbumSampleApp.swift */; };
		3D1610F32A5FE1C000F4F59E /* AlbumListView.swift in Sources */ = {isa = PBXBuildFile; fileRef = 3D1610F22A5FE1C000F4F59E /* AlbumListView.swift */; };
		3D1610F52A5FE1C200F4F59E /* Assets.xcassets in Resources */ = {isa = PBXBuildFile; fileRef = 3D1610F42A5FE1C200F4F59E /* Assets.xcassets */; };
		3D1610F82A5FE1C200F4F59E /* Preview Assets.xcassets in Resources */ = {isa = PBXBuildFile; fileRef = 3D1610F72A5FE1C200F4F59E /* Preview Assets.xcassets */; };
		3D1611022A5FE53000F4F59E /* AlbumStore.swift in Sources */ = {isa = PBXBuildFile; fileRef = 3D1611012A5FE53000F4F59E /* AlbumStore.swift */; };
		3D1611042A5FED2400F4F59E /* res in Resources */ = {isa = PBXBuildFile; fileRef = 3D1611032A5FED2300F4F59E /* res */; };
		3D73722E2A60E8D5003C1B9C /* ImageStore.swift in Sources */ = {isa = PBXBuildFile; fileRef = 3D73722D2A60E8D5003C1B9C /* ImageStore.swift */; };
/* End PBXBuildFile section */

/* Begin PBXFileReference section */
		3D1610ED2A5FE1C000F4F59E /* AlbumSample.app */ = {isa = PBXFileReference; explicitFileType = wrapper.application; includeInIndex = 0; path = AlbumSample.app; sourceTree = BUILT_PRODUCTS_DIR; };
		3D1610F02A5FE1C000F4F59E /* AlbumSampleApp.swift */ = {isa = PBXFileReference; lastKnownFileType = sourcecode.swift; path = AlbumSampleApp.swift; sourceTree = "<group>"; };
		3D1610F22A5FE1C000F4F59E /* AlbumListView.swift */ = {isa = PBXFileReference; lastKnownFileType = sourcecode.swift; path = AlbumListView.swift; sourceTree = "<group>"; };
		3D1610F42A5FE1C200F4F59E /* Assets.xcassets */ = {isa = PBXFileReference; lastKnownFileType = folder.assetcatalog; path = Assets.xcassets; sourceTree = "<group>"; };
		3D1610F72A5FE1C200F4F59E /* Preview Assets.xcassets */ = {isa = PBXFileReference; lastKnownFileType = folder.assetcatalog; path = "Preview Assets.xcassets"; sourceTree = "<group>"; };
		3D1611012A5FE53000F4F59E /* AlbumStore.swift */ = {isa = PBXFileReference; lastKnownFileType = sourcecode.swift; path = AlbumStore.swift; sourceTree = "<group>"; };
		3D1611032A5FED2300F4F59E /* res */ = {isa = PBXFileReference; lastKnownFileType = folder; path = res; sourceTree = "<group>"; };
		3D73722D2A60E8D5003C1B9C /* ImageStore.swift */ = {isa = PBXFileReference; lastKnownFileType = sourcecode.swift; path = ImageStore.swift; sourceTree = "<group>"; };
		3D73722F2A60EEF2003C1B9C /* Info.plist */ = {isa = PBXFileReference; lastKnownFileType = text.plist; path = Info.plist; sourceTree = "<group>"; };
/* End PBXFileReference section */

/* Begin PBXFrameworksBuildPhase section */
		3D1610EA2A5FE1C000F4F59E /* Frameworks */ = {
			isa = PBXFrameworksBuildPhase;
			buildActionMask = 2147483647;
			files = (
			);
			runOnlyForDeploymentPostprocessing = 0;
		};
/* End PBXFrameworksBuildPhase section */

/* Begin PBXGroup section */
		3D1610E42A5FE1C000F4F59E = {
			isa = PBXGroup;
			children = (
				3D1610EF2A5FE1C000F4F59E /* AlbumSample */,
				3D1610EE2A5FE1C000F4F59E /* Products */,
			);
			sourceTree = "<group>";
		};
		3D1610EE2A5FE1C000F4F59E /* Products */ = {
			isa = PBXGroup;
			children = (
				3D1610ED2A5FE1C000F4F59E /* AlbumSample.app */,
			);
			name = Products;
			sourceTree = "<group>";
		};
		3D1610EF2A5FE1C000F4F59E /* AlbumSample */ = {
			isa = PBXGroup;
			children = (
				3D73722F2A60EEF2003C1B9C /* Info.plist */,
				3D1610F02A5FE1C000F4F59E /* AlbumSampleApp.swift */,
				3D1610F22A5FE1C000F4F59E /* AlbumListView.swift */,
				3D1610F42A5FE1C200F4F59E /* Assets.xcassets */,
				3D1610F62A5FE1C200F4F59E /* Preview Content */,
				3D1611012A5FE53000F4F59E /* AlbumStore.swift */,
				3D1611032A5FED2300F4F59E /* res */,
				3D73722D2A60E8D5003C1B9C /* ImageStore.swift */,
			);
			path = AlbumSample;
			sourceTree = "<group>";
		};
		3D1610F62A5FE1C200F4F59E /* Preview Content */ = {
			isa = PBXGroup;
			children = (
				3D1610F72A5FE1C200F4F59E /* Preview Assets.xcassets */,
			);
			path = "Preview Content";
			sourceTree = "<group>";
		};
/* End PBXGroup section */

/* Begin PBXNativeTarget section */
		3D1610EC2A5FE1C000F4F59E /* AlbumSample */ = {
			isa = PBXNativeTarget;
			buildConfigurationList = 3D1610FB2A5FE1C200F4F59E /* Build configuration list for PBXNativeTarget "AlbumSample" */;
			buildPhases = (
				3D1610E92A5FE1C000F4F59E /* Sources */,
				3D1610EA2A5FE1C000F4F59E /* Frameworks */,
				3D1610EB2A5FE1C000F4F59E /* Resources */,
			);
			buildRules = (
			);
			dependencies = (
			);
			name = AlbumSample;
			productName = AlbumSample;
			productReference = 3D1610ED2A5FE1C000F4F59E /* AlbumSample.app */;
			productType = "com.apple.product-type.application";
		};
/* End PBXNativeTarget section */

/* Begin PBXProject section */
		3D1610E52A5FE1C000F4F59E /* Project object */ = {
			isa = PBXProject;
			attributes = {
				BuildIndependentTargetsInParallel = 1;
				LastSwiftUpdateCheck = 1430;
				LastUpgradeCheck = 1430;
				TargetAttributes = {
					3D1610EC2A5FE1C000F4F59E = {
						CreatedOnToolsVersion = 14.3;
					};
				};
			};
			buildConfigurationList = 3D1610E82A5FE1C000F4F59E /* Build configuration list for PBXProject "AlbumSample" */;
			compatibilityVersion = "Xcode 14.0";
			developmentRegion = en;
			hasScannedForEncodings = 0;
			knownRegions = (
				en,
				Base,
			);
			mainGroup = 3D1610E42A5FE1C000F4F59E;
			productRefGroup = 3D1610EE2A5FE1C000F4F59E /* Products */;
			projectDirPath = "";
			projectRoot = "";
			targets = (
				3D1610EC2A5FE1C000F4F59E /* AlbumSample */,
			);
		};
/* End PBXProject section */

/* Begin PBXResourcesBuildPhase section */
		3D1610EB2A5FE1C000F4F59E /* Resources */ = {
			isa = PBXResourcesBuildPhase;
			buildActionMask = 2147483647;
			files = (
				3D1611042A5FED2400F4F59E /* res in Resources */,
				3D1610F82A5FE1C200F4F59E /* Preview Assets.xcassets in Resources */,
				3D1610F52A5FE1C200F4F59E /* Assets.xcassets in Resources */,
			);
			runOnlyForDeploymentPostprocessing = 0;
		};
/* End PBXResourcesBuildPhase section */

/* Begin PBXSourcesBuildPhase section */
		3D1610E92A5FE1C000F4F59E /* Sources */ = {
			isa = PBXSourcesBuildPhase;
			buildActionMask = 2147483647;
			files = (
				3D1610F32A5FE1C000F4F59E /* AlbumListView.swift in Sources */,
				3D1610F12A5FE1C000F4F59E /* AlbumSampleApp.swift in Sources */,
				3D1611022A5FE53000F4F59E /* AlbumStore.swift in Sources */,
				3D73722E2A60E8D5003C1B9C /* ImageStore.swift in Sources */,
			);
			runOnlyForDeploymentPostprocessing = 0;
		};
/* End PBXSourcesBuildPhase section */

/* Begin XCBuildConfiguration section */
		3D1610F92A5FE1C200F4F59E /* Debug */ = {
			isa = XCBuildConfiguration;
			buildSettings = {
				ALWAYS_SEARCH_USER_PATHS = NO;
				CLANG_ANALYZER_NONNULL = YES;
				CLANG_ANALYZER_NUMBER_OBJECT_CONVERSION = YES_AGGRESSIVE;
				CLANG_CXX_LANGUAGE_STANDARD = "gnu++20";
				CLANG_ENABLE_MODULES = YES;
				CLANG_ENABLE_OBJC_ARC = YES;
				CLANG_ENABLE_OBJC_WEAK = YES;
				CLANG_WARN_BLOCK_CAPTURE_AUTORELEASING = YES;
				CLANG_WARN_BOOL_CONVERSION = YES;
				CLANG_WARN_COMMA = YES;
				CLANG_WARN_CONSTANT_CONVERSION = YES;
				CLANG_WARN_DEPRECATED_OBJC_IMPLEMENTATIONS = YES;
				CLANG_WARN_DIRECT_OBJC_ISA_USAGE = YES_ERROR;
				CLANG_WARN_DOCUMENTATION_COMMENTS = YES;
				CLANG_WARN_EMPTY_BODY = YES;
				CLANG_WARN_ENUM_CONVERSION = YES;
				CLANG_WARN_INFINITE_RECURSION = YES;
				CLANG_WARN_INT_CONVERSION = YES;
				CLANG_WARN_NON_LITERAL_NULL_CONVERSION = YES;
				CLANG_WARN_OBJC_IMPLICIT_RETAIN_SELF = YES;
				CLANG_WARN_OBJC_LITERAL_CONVERSION = YES;
				CLANG_WARN_OBJC_ROOT_CLASS = YES_ERROR;
				CLANG_WARN_QUOTED_INCLUDE_IN_FRAMEWORK_HEADER = YES;
				CLANG_WARN_RANGE_LOOP_ANALYSIS = YES;
				CLANG_WARN_STRICT_PROTOTYPES = YES;
				CLANG_WARN_SUSPICIOUS_MOVE = YES;
				CLANG_WARN_UNGUARDED_AVAILABILITY = YES_AGGRESSIVE;
				CLANG_WARN_UNREACHABLE_CODE = YES;
				CLANG_WARN__DUPLICATE_METHOD_MATCH = YES;
				COPY_PHASE_STRIP = NO;
				DEBUG_INFORMATION_FORMAT = dwarf;
				ENABLE_STRICT_OBJC_MSGSEND = YES;
				ENABLE_TESTABILITY = YES;
				GCC_C_LANGUAGE_STANDARD = gnu11;
				GCC_DYNAMIC_NO_PIC = NO;
				GCC_NO_COMMON_BLOCKS = YES;
				GCC_OPTIMIZATION_LEVEL = 0;
				GCC_PREPROCESSOR_DEFINITIONS = (
					"DEBUG=1",
					"$(inherited)",
				);
				GCC_WARN_64_TO_32_BIT_CONVERSION = YES;
				GCC_WARN_ABOUT_RETURN_TYPE = YES_ERROR;
				GCC_WARN_UNDECLARED_SELECTOR = YES;
				GCC_WARN_UNINITIALIZED_AUTOS = YES_AGGRESSIVE;
				GCC_WARN_UNUSED_FUNCTION = YES;
				GCC_WARN_UNUSED_VARIABLE = YES;
				IPHONEOS_DEPLOYMENT_TARGET = 16.4;
				MTL_ENABLE_DEBUG_INFO = INCLUDE_SOURCE;
				MTL_FAST_MATH = YES;
				ONLY_ACTIVE_ARCH = YES;
				SDKROOT = iphoneos;
				SWIFT_ACTIVE_COMPILATION_CONDITIONS = DEBUG;
				SWIFT_OPTIMIZATION_LEVEL = "-Onone";
			};
			name = Debug;
		};
		3D1610FA2A5FE1C200F4F59E /* Release */ = {
			isa = XCBuildConfiguration;
			buildSettings = {
				ALWAYS_SEARCH_USER_PATHS = NO;
				CLANG_ANALYZER_NONNULL = YES;
				CLANG_ANALYZER_NUMBER_OBJECT_CONVERSION = YES_AGGRESSIVE;
				CLANG_CXX_LANGUAGE_STANDARD = "gnu++20";
				CLANG_ENABLE_MODULES = YES;
				CLANG_ENABLE_OBJC_ARC = YES;
				CLANG_ENABLE_OBJC_WEAK = YES;
				CLANG_WARN_BLOCK_CAPTURE_AUTORELEASING = YES;
				CLANG_WARN_BOOL_CONVERSION = YES;
				CLANG_WARN_COMMA = YES;
				CLANG_WARN_CONSTANT_CONVERSION = YES;
				CLANG_WARN_DEPRECATED_OBJC_IMPLEMENTATIONS = YES;
				CLANG_WARN_DIRECT_OBJC_ISA_USAGE = YES_ERROR;
				CLANG_WARN_DOCUMENTATION_COMMENTS = YES;
				CLANG_WARN_EMPTY_BODY = YES;
				CLANG_WARN_ENUM_CONVERSION = YES;
				CLANG_WARN_INFINITE_RECURSION = YES;
				CLANG_WARN_INT_CONVERSION = YES;
				CLANG_WARN_NON_LITERAL_NULL_CONVERSION = YES;
				CLANG_WARN_OBJC_IMPLICIT_RETAIN_SELF = YES;
				CLANG_WARN_OBJC_LITERAL_CONVERSION = YES;
				CLANG_WARN_OBJC_ROOT_CLASS = YES_ERROR;
				CLANG_WARN_QUOTED_INCLUDE_IN_FRAMEWORK_HEADER = YES;
				CLANG_WARN_RANGE_LOOP_ANALYSIS = YES;
				CLANG_WARN_STRICT_PROTOTYPES = YES;
				CLANG_WARN_SUSPICIOUS_MOVE = YES;
				CLANG_WARN_UNGUARDED_AVAILABILITY = YES_AGGRESSIVE;
				CLANG_WARN_UNREACHABLE_CODE = YES;
				CLANG_WARN__DUPLICATE_METHOD_MATCH = YES;
				COPY_PHASE_STRIP = NO;
				DEBUG_INFORMATION_FORMAT = "dwarf-with-dsym";
				ENABLE_NS_ASSERTIONS = NO;
				ENABLE_STRICT_OBJC_MSGSEND = YES;
				GCC_C_LANGUAGE_STANDARD = gnu11;
				GCC_NO_COMMON_BLOCKS = YES;
				GCC_WARN_64_TO_32_BIT_CONVERSION = YES;
				GCC_WARN_ABOUT_RETURN_TYPE = YES_ERROR;
				GCC_WARN_UNDECLARED_SELECTOR = YES;
				GCC_WARN_UNINITIALIZED_AUTOS = YES_AGGRESSIVE;
				GCC_WARN_UNUSED_FUNCTION = YES;
				GCC_WARN_UNUSED_VARIABLE = YES;
				IPHONEOS_DEPLOYMENT_TARGET = 16.4;
				MTL_ENABLE_DEBUG_INFO = NO;
				MTL_FAST_MATH = YES;
				SDKROOT = iphoneos;
				SWIFT_COMPILATION_MODE = wholemodule;
				SWIFT_OPTIMIZATION_LEVEL = "-O";
				VALIDATE_PRODUCT = YES;
			};
			name = Release;
		};
		3D1610FC2A5FE1C200F4F59E /* Debug */ = {
			isa = XCBuildConfiguration;
			buildSettings = {
				ASSETCATALOG_COMPILER_APPICON_NAME = AppIcon;
				ASSETCATALOG_COMPILER_GLOBAL_ACCENT_COLOR_NAME = AccentColor;
				CODE_SIGN_STYLE = Automatic;
				CURRENT_PROJECT_VERSION = 1;
				DEVELOPMENT_ASSET_PATHS = "\"AlbumSample/Preview Content\"";
				DEVELOPMENT_TEAM = 4NYNKSRA5Z;
				ENABLE_PREVIEWS = YES;
				GENERATE_INFOPLIST_FILE = YES;
				INFOPLIST_FILE = AlbumSample/Info.plist;
				INFOPLIST_KEY_UIApplicationSceneManifest_Generation = YES;
				INFOPLIST_KEY_UIApplicationSupportsIndirectInputEvents = YES;
				INFOPLIST_KEY_UILaunchScreen_Generation = YES;
				INFOPLIST_KEY_UISupportedInterfaceOrientations_iPad = "UIInterfaceOrientationPortrait UIInterfaceOrientationPortraitUpsideDown UIInterfaceOrientationLandscapeLeft UIInterfaceOrientationLandscapeRight";
				INFOPLIST_KEY_UISupportedInterfaceOrientations_iPhone = "UIInterfaceOrientationPortrait UIInterfaceOrientationLandscapeLeft UIInterfaceOrientationLandscapeRight";
				LD_RUNPATH_SEARCH_PATHS = (
					"$(inherited)",
					"@executable_path/Frameworks",
				);
				MARKETING_VERSION = 1.0;
				PRODUCT_BUNDLE_IDENTIFIER = kr.ac.tukorea.ce.ios.scgyong.AlbumSample;
				PRODUCT_NAME = "$(TARGET_NAME)";
				SWIFT_EMIT_LOC_STRINGS = YES;
				SWIFT_VERSION = 5.0;
				TARGETED_DEVICE_FAMILY = "1,2";
			};
			name = Debug;
		};
		3D1610FD2A5FE1C200F4F59E /* Release */ = {
			isa = XCBuildConfiguration;
			buildSettings = {
				ASSETCATALOG_COMPILER_APPICON_NAME = AppIcon;
				ASSETCATALOG_COMPILER_GLOBAL_ACCENT_COLOR_NAME = AccentColor;
				CODE_SIGN_STYLE = Automatic;
				CURRENT_PROJECT_VERSION = 1;
				DEVELOPMENT_ASSET_PATHS = "\"AlbumSample/Preview Content\"";
				DEVELOPMENT_TEAM = 4NYNKSRA5Z;
				ENABLE_PREVIEWS = YES;
				GENERATE_INFOPLIST_FILE = YES;
				INFOPLIST_FILE = AlbumSample/Info.plist;
				INFOPLIST_KEY_UIApplicationSceneManifest_Generation = YES;
				INFOPLIST_KEY_UIApplicationSupportsIndirectInputEvents = YES;
				INFOPLIST_KEY_UILaunchScreen_Generation = YES;
				INFOPLIST_KEY_UISupportedInterfaceOrientations_iPad = "UIInterfaceOrientationPortrait UIInterfaceOrientationPortraitUpsideDown UIInterfaceOrientationLandscapeLeft UIInterfaceOrientationLandscapeRight";
				INFOPLIST_KEY_UISupportedInterfaceOrientations_iPhone = "UIInterfaceOrientationPortrait UIInterfaceOrientationLandscapeLeft UIInterfaceOrientationLandscapeRight";
				LD_RUNPATH_SEARCH_PATHS = (
					"$(inherited)",
					"@executable_path/Frameworks",
				);
				MARKETING_VERSION = 1.0;
				PRODUCT_BUNDLE_IDENTIFIER = kr.ac.tukorea.ce.ios.scgyong.AlbumSample;
				PRODUCT_NAME = "$(TARGET_NAME)";
				SWIFT_EMIT_LOC_STRINGS = YES;
				SWIFT_VERSION = 5.0;
				TARGETED_DEVICE_FAMILY = "1,2";
			};
			name = Release;
		};
/* End XCBuildConfiguration section */

/* Begin XCConfigurationList section */
		3D1610E82A5FE1C000F4F59E /* Build configuration list for PBXProject "AlbumSample" */ = {
			isa = XCConfigurationList;
			buildConfigurations = (
				3D1610F92A5FE1C200F4F59E /* Debug */,
				3D1610FA2A5FE1C200F4F59E /* Release */,
			);
			defaultConfigurationIsVisible = 0;
			defaultConfigurationName = Release;
		};
		3D1610FB2A5FE1C200F4F59E /* Build configuration list for PBXNativeTarget "AlbumSample" */ = {
			isa = XCConfigurationList;
			buildConfigurations = (
				3D1610FC2A5FE1C200F4F59E /* Debug */,
				3D1610FD2A5FE1C200F4F59E /* Release */,
			);
			defaultConfigurationIsVisible = 0;
			defaultConfigurationName = Release;
		};
/* End XCConfigurationList section */
	};
	rootObject = 3D1610E52A5FE1C000F4F59E /* Project object */;
}
